
Microsoft Visual Studio Solution File, Format Version 12.00
Project("{FAE04EC0-301F-11D3-BF4B-00C04F79EFBC}") = "ElectronicRepairShop.Core", "ElectronicRepairShop.Core\ElectronicRepairShop.Core.csproj", "{FF4D9510-2E0D-43C1-AFAC-CC9948A1685B}"
EndProject
Project("{FAE04EC0-301F-11D3-BF4B-00C04F79EFBC}") = "ElectronicRepairShop.Tests", "ElectronicRepairShop.Tests\ElectronicRepairShop.Tests.csproj", "{1F625E37-6102-4308-8B94-9DBAA171F3B8}"
EndProject
Global
	GlobalSection(SolutionConfigurationPlatforms) = preSolution
		Debug|Any CPU = Debug|Any CPU
		Release|Any CPU = Release|Any CPU
	EndGlobalSection
	GlobalSection(ProjectConfigurationPlatforms) = postSolution
		{FF4D9510-2E0D-43C1-AFAC-CC9948A1685B}.Debug|Any CPU.ActiveCfg = Debug|Any CPU
		{FF4D9510-2E0D-43C1-AFAC-CC9948A1685B}.Debug|Any CPU.Build.0 = Debug|Any CPU
		{FF4D9510-2E0D-43C1-AFAC-CC9948A1685B}.Release|Any CPU.ActiveCfg = Release|Any CPU
		{FF4D9510-2E0D-43C1-AFAC-CC9948A1685B}.Release|Any CPU.Build.0 = Release|Any CPU
		{1F625E37-6102-4308-8B94-9DBAA171F3B8}.Debug|Any CPU.ActiveCfg = Debug|Any CPU
		{1F625E37-6102-4308-8B94-9DBAA171F3B8}.Debug|Any CPU.Build.0 = Debug|Any CPU
		{1F625E37-6102-4308-8B94-9DBAA171F3B8}.Release|Any CPU.ActiveCfg = Release|Any CPU
		{1F625E37-6102-4308-8B94-9DBAA171F3B8}.Release|Any CPU.Build.0 = Release|Any CPU
	EndGlobalSection
EndGlobal
